
Microsoft Visual Studio Solution File, Format Version 12.00
# Visual Studio Version 17
VisualStudioVersion = 17.0.31903.59
MinimumVisualStudioVersion = 10.0.40219.1
Project("{2150E333-8FDC-42A3-9474-1A3956D46DE8}") = "src", "src", "{827E0CD3-B72D-47B6-A68D-7590B98EB39B}"
EndProject
Project("{FAE04EC0-301F-11D3-BF4B-00C04F79EFBC}") = "TaskLists.Api", "src\TaskLists.Api\TaskLists.Api.csproj", "{F537841C-25E9-4D63-AD10-4132D8E4C29F}"
EndProject
Project("{FAE04EC0-301F-11D3-BF4B-00C04F79EFBC}") = "TaskLists.Application", "src\TaskLists.Application\TaskLists.Application.csproj", "{F90C129C-51A3-44D8-B054-B187F5C5958F}"
EndProject
Project("{FAE04EC0-301F-11D3-BF4B-00C04F79EFBC}") = "TaskLists.Domain", "src\TaskLists.Domain\TaskLists.Domain.csproj", "{E29A9222-7A63-4E1B-90A9-4E07FB0BE0A1}"
EndProject
Project("{FAE04EC0-301F-11D3-BF4B-00C04F79EFBC}") = "TaskLists.Infrastructure", "src\TaskLists.Infrastructure\TaskLists.Infrastructure.csproj", "{CD2E6DF2-AE05-41CA-ABEC-9C9595F7F0BC}"
EndProject
Project("{2150E333-8FDC-42A3-9474-1A3956D46DE8}") = "tests", "tests", "{0AB3BF05-4346-4AA6-1389-037BE0695223}"
EndProject
Project("{FAE04EC0-301F-11D3-BF4B-00C04F79EFBC}") = "TaskLists.Application.Tests", "tests\TaskLists.Application.Tests\TaskLists.Application.Tests.csproj", "{EB206FCD-43ED-4884-92F9-CD352A40BC4C}"
EndProject
Project("{FAE04EC0-301F-11D3-BF4B-00C04F79EFBC}") = "TaskLists.Api.Tests", "tests\TaskLists.Api.Tests\TaskLists.Api.Tests.csproj", "{DD1405C3-FC36-4230-AFE5-9C44CB3C5BC2}"
EndProject
Project("{2150E333-8FDC-42A3-9474-1A3956D46DE8}") = "Solution Items", "Solution Items", "{E46F618A-9D07-44F4-B12B-45207D100000}"
	ProjectSection(SolutionItems) = preProject
		README.md = README.md
		docker-compose.yaml = docker-compose.yaml
	EndProjectSection
EndProject
Global
	GlobalSection(SolutionConfigurationPlatforms) = preSolution
		Debug|Any CPU = Debug|Any CPU
		Debug|x64 = Debug|x64
		Debug|x86 = Debug|x86
		Release|Any CPU = Release|Any CPU
		Release|x64 = Release|x64
		Release|x86 = Release|x86
	EndGlobalSection
	GlobalSection(ProjectConfigurationPlatforms) = postSolution
		{F537841C-25E9-4D63-AD10-4132D8E4C29F}.Debug|Any CPU.ActiveCfg = Debug|Any CPU
		{F537841C-25E9-4D63-AD10-4132D8E4C29F}.Debug|Any CPU.Build.0 = Debug|Any CPU
		{F537841C-25E9-4D63-AD10-4132D8E4C29F}.Debug|x64.ActiveCfg = Debug|Any CPU
		{F537841C-25E9-4D63-AD10-4132D8E4C29F}.Debug|x64.Build.0 = Debug|Any CPU
		{F537841C-25E9-4D63-AD10-4132D8E4C29F}.Debug|x86.ActiveCfg = Debug|Any CPU
		{F537841C-25E9-4D63-AD10-4132D8E4C29F}.Debug|x86.Build.0 = Debug|Any CPU
		{F537841C-25E9-4D63-AD10-4132D8E4C29F}.Release|Any CPU.ActiveCfg = Release|Any CPU
		{F537841C-25E9-4D63-AD10-4132D8E4C29F}.Release|Any CPU.Build.0 = Release|Any CPU
		{F537841C-25E9-4D63-AD10-4132D8E4C29F}.Release|x64.ActiveCfg = Release|Any CPU
		{F537841C-25E9-4D63-AD10-4132D8E4C29F}.Release|x64.Build.0 = Release|Any CPU
		{F537841C-25E9-4D63-AD10-4132D8E4C29F}.Release|x86.ActiveCfg = Release|Any CPU
		{F537841C-25E9-4D63-AD10-4132D8E4C29F}.Release|x86.Build.0 = Release|Any CPU
		{F90C129C-51A3-44D8-B054-B187F5C5958F}.Debug|Any CPU.ActiveCfg = Debug|Any CPU
		{F90C129C-51A3-44D8-B054-B187F5C5958F}.Debug|Any CPU.Build.0 = Debug|Any CPU
		{F90C129C-51A3-44D8-B054-B187F5C5958F}.Debug|x64.ActiveCfg = Debug|Any CPU
		{F90C129C-51A3-44D8-B054-B187F5C5958F}.Debug|x64.Build.0 = Debug|Any CPU
		{F90C129C-51A3-44D8-B054-B187F5C5958F}.Debug|x86.ActiveCfg = Debug|Any CPU
		{F90C129C-51A3-44D8-B054-B187F5C5958F}.Debug|x86.Build.0 = Debug|Any CPU
		{F90C129C-51A3-44D8-B054-B187F5C5958F}.Release|Any CPU.ActiveCfg = Release|Any CPU
		{F90C129C-51A3-44D8-B054-B187F5C5958F}.Release|Any CPU.Build.0 = Release|Any CPU
		{F90C129C-51A3-44D8-B054-B187F5C5958F}.Release|x64.ActiveCfg = Release|Any CPU
		{F90C129C-51A3-44D8-B054-B187F5C5958F}.Release|x64.Build.0 = Release|Any CPU
		{F90C129C-51A3-44D8-B054-B187F5C5958F}.Release|x86.ActiveCfg = Release|Any CPU
		{F90C129C-51A3-44D8-B054-B187F5C5958F}.Release|x86.Build.0 = Release|Any CPU
		{E29A9222-7A63-4E1B-90A9-4E07FB0BE0A1}.Debug|Any CPU.ActiveCfg = Debug|Any CPU
		{E29A9222-7A63-4E1B-90A9-4E07FB0BE0A1}.Debug|Any CPU.Build.0 = Debug|Any CPU
		{E29A9222-7A63-4E1B-90A9-4E07FB0BE0A1}.Debug|x64.ActiveCfg = Debug|Any CPU
		{E29A9222-7A63-4E1B-90A9-4E07FB0BE0A1}.Debug|x64.Build.0 = Debug|Any CPU
		{E29A9222-7A63-4E1B-90A9-4E07FB0BE0A1}.Debug|x86.ActiveCfg = Debug|Any CPU
		{E29A9222-7A63-4E1B-90A9-4E07FB0BE0A1}.Debug|x86.Build.0 = Debug|Any CPU
		{E29A9222-7A63-4E1B-90A9-4E07FB0BE0A1}.Release|Any CPU.ActiveCfg = Release|Any CPU
		{E29A9222-7A63-4E1B-90A9-4E07FB0BE0A1}.Release|Any CPU.Build.0 = Release|Any CPU
		{E29A9222-7A63-4E1B-90A9-4E07FB0BE0A1}.Release|x64.ActiveCfg = Release|Any CPU
		{E29A9222-7A63-4E1B-90A9-4E07FB0BE0A1}.Release|x64.Build.0 = Release|Any CPU
		{E29A9222-7A63-4E1B-90A9-4E07FB0BE0A1}.Release|x86.ActiveCfg = Release|Any CPU
		{E29A9222-7A63-4E1B-90A9-4E07FB0BE0A1}.Release|x86.Build.0 = Release|Any CPU
		{CD2E6DF2-AE05-41CA-ABEC-9C9595F7F0BC}.Debug|Any CPU.ActiveCfg = Debug|Any CPU
		{CD2E6DF2-AE05-41CA-ABEC-9C9595F7F0BC}.Debug|Any CPU.Build.0 = Debug|Any CPU
		{CD2E6DF2-AE05-41CA-ABEC-9C9595F7F0BC}.Debug|x64.ActiveCfg = Debug|Any CPU
		{CD2E6DF2-AE05-41CA-ABEC-9C9595F7F0BC}.Debug|x64.Build.0 = Debug|Any CPU
		{CD2E6DF2-AE05-41CA-ABEC-9C9595F7F0BC}.Debug|x86.ActiveCfg = Debug|Any CPU
		{CD2E6DF2-AE05-41CA-ABEC-9C9595F7F0BC}.Debug|x86.Build.0 = Debug|Any CPU
		{CD2E6DF2-AE05-41CA-ABEC-9C9595F7F0BC}.Release|Any CPU.ActiveCfg = Release|Any CPU
		{CD2E6DF2-AE05-41CA-ABEC-9C9595F7F0BC}.Release|Any CPU.Build.0 = Release|Any CPU
		{CD2E6DF2-AE05-41CA-ABEC-9C9595F7F0BC}.Release|x64.ActiveCfg = Release|Any CPU
		{CD2E6DF2-AE05-41CA-ABEC-9C9595F7F0BC}.Release|x64.Build.0 = Release|Any CPU
		{CD2E6DF2-AE05-41CA-ABEC-9C9595F7F0BC}.Release|x86.ActiveCfg = Release|Any CPU
		{CD2E6DF2-AE05-41CA-ABEC-9C9595F7F0BC}.Release|x86.Build.0 = Release|Any CPU
		{EB206FCD-43ED-4884-92F9-CD352A40BC4C}.Debug|Any CPU.ActiveCfg = Debug|Any CPU
		{EB206FCD-43ED-4884-92F9-CD352A40BC4C}.Debug|Any CPU.Build.0 = Debug|Any CPU
		{EB206FCD-43ED-4884-92F9-CD352A40BC4C}.Debug|x64.ActiveCfg = Debug|Any CPU
		{EB206FCD-43ED-4884-92F9-CD352A40BC4C}.Debug|x64.Build.0 = Debug|Any CPU
		{EB206FCD-43ED-4884-92F9-CD352A40BC4C}.Debug|x86.ActiveCfg = Debug|Any CPU
		{EB206FCD-43ED-4884-92F9-CD352A40BC4C}.Debug|x86.Build.0 = Debug|Any CPU
		{EB206FCD-43ED-4884-92F9-CD352A40BC4C}.Release|Any CPU.ActiveCfg = Release|Any CPU
		{EB206FCD-43ED-4884-92F9-CD352A40BC4C}.Release|Any CPU.Build.0 = Release|Any CPU
		{EB206FCD-43ED-4884-92F9-CD352A40BC4C}.Release|x64.ActiveCfg = Release|Any CPU
		{EB206FCD-43ED-4884-92F9-CD352A40BC4C}.Release|x64.Build.0 = Release|Any CPU
		{EB206FCD-43ED-4884-92F9-CD352A40BC4C}.Release|x86.ActiveCfg = Release|Any CPU
		{EB206FCD-43ED-4884-92F9-CD352A40BC4C}.Release|x86.Build.0 = Release|Any CPU
		{DD1405C3-FC36-4230-AFE5-9C44CB3C5BC2}.Debug|Any CPU.ActiveCfg = Debug|Any CPU
		{DD1405C3-FC36-4230-AFE5-9C44CB3C5BC2}.Debug|Any CPU.Build.0 = Debug|Any CPU
		{DD1405C3-FC36-4230-AFE5-9C44CB3C5BC2}.Debug|x64.ActiveCfg = Debug|Any CPU
		{DD1405C3-FC36-4230-AFE5-9C44CB3C5BC2}.Debug|x64.Build.0 = Debug|Any CPU
		{DD1405C3-FC36-4230-AFE5-9C44CB3C5BC2}.Debug|x86.ActiveCfg = Debug|Any CPU
		{DD1405C3-FC36-4230-AFE5-9C44CB3C5BC2}.Debug|x86.Build.0 = Debug|Any CPU
		{DD1405C3-FC36-4230-AFE5-9C44CB3C5BC2}.Release|Any CPU.ActiveCfg = Release|Any CPU
		{DD1405C3-FC36-4230-AFE5-9C44CB3C5BC2}.Release|Any CPU.Build.0 = Release|Any CPU
		{DD1405C3-FC36-4230-AFE5-9C44CB3C5BC2}.Release|x64.ActiveCfg = Release|Any CPU
		{DD1405C3-FC36-4230-AFE5-9C44CB3C5BC2}.Release|x64.Build.0 = Release|Any CPU
		{DD1405C3-FC36-4230-AFE5-9C44CB3C5BC2}.Release|x86.ActiveCfg = Release|Any CPU
		{DD1405C3-FC36-4230-AFE5-9C44CB3C5BC2}.Release|x86.Build.0 = Release|Any CPU
	EndGlobalSection
	GlobalSection(SolutionProperties) = preSolution
		HideSolutionNode = FALSE
	EndGlobalSection
	GlobalSection(NestedProjects) = preSolution
		{F537841C-25E9-4D63-AD10-4132D8E4C29F} = {827E0CD3-B72D-47B6-A68D-7590B98EB39B}
		{F90C129C-51A3-44D8-B054-B187F5C5958F} = {827E0CD3-B72D-47B6-A68D-7590B98EB39B}
		{E29A9222-7A63-4E1B-90A9-4E07FB0BE0A1} = {827E0CD3-B72D-47B6-A68D-7590B98EB39B}
		{CD2E6DF2-AE05-41CA-ABEC-9C9595F7F0BC} = {827E0CD3-B72D-47B6-A68D-7590B98EB39B}
		{EB206FCD-43ED-4884-92F9-CD352A40BC4C} = {0AB3BF05-4346-4AA6-1389-037BE0695223}
		{DD1405C3-FC36-4230-AFE5-9C44CB3C5BC2} = {0AB3BF05-4346-4AA6-1389-037BE0695223}
	EndGlobalSection
EndGlobal
